<?xml version="1.0" encoding="utf-8"?>
<Project ToolsVersion="4.0" xmlns="http://schemas.microsoft.com/developer/msbuild/2003">
  <ItemGroup>
    <Filter Include="Source Files">
      <UniqueIdentifier>{4FC737F1-C7A5-4376-A066-2A32D752A2FF}</UniqueIdentifier>
      <Extensions>cpp;c;cc;cxx;c++;def;odl;idl;hpj;bat;asm;asmx</Extensions>
    </Filter>
    <Filter Include="Header Files">
      <UniqueIdentifier>{93995380-89BD-4b04-88EB-625FBE52EBFB}</UniqueIdentifier>
      <Extensions>h;hh;hpp;hxx;h++;hm;inl;inc;ipp;xsd</Extensions>
    </Filter>
    <Filter Include="Resource Files">
      <UniqueIdentifier>{67DA6AB6-F800-4c08-8B7A-83BB121AAD01}</UniqueIdentifier>
      <Extensions>rc;ico;cur;bmp;dlg;rc2;rct;bin;rgs;gif;jpg;jpeg;jpe;resx;tiff;tif;png;wav;mfcribbon-ms</Extensions>
    </Filter>
    <Filter Include="Header Files\util">
      <UniqueIdentifier>{48979fe7-594c-4db3-8fce-1811d079416a}</UniqueIdentifier>
    </Filter>
    <Filter Include="Source Files\util">
      <UniqueIdentifier>{744d7013-5b2b-4741-a489-45c5882cfbd1}</UniqueIdentifier>
    </Filter>
    <Filter Include="Header Files\core">
      <UniqueIdentifier>{14817694-72c0-4dcc-b077-e8fc31c11a2e}</UniqueIdentifier>
    </Filter>
    <Filter Include="Source Files\core">
      <UniqueIdentifier>{b04f2d26-41c1-4f03-b2c5-62846556e1fd}</UniqueIdentifier>
    </Filter>
    <Filter Include="Source Files\gl">
      <UniqueIdentifier>{8b402877-0fba-4789-98db-2a96cf56c6eb}</UniqueIdentifier>
    </Filter>
    <Filter Include="Shaders">
      <UniqueIdentifier>{fa663aaa-aadc-4d7e-915e-eedae3c40d94}</UniqueIdentifier>
    </Filter>
    <Filter Include="Header Files\renderer">
      <UniqueIdentifier>{60d44e6e-c4dd-49e2-9bb5-32a95a539498}</UniqueIdentifier>
    </Filter>
    <Filter Include="Header Files\scene">
      <UniqueIdentifier>{6941b612-850e-4c86-89f6-b0a1754ac921}</UniqueIdentifier>
    </Filter>
    <Filter Include="Source Files\renderer">
      <UniqueIdentifier>{27678e70-85b5-4469-9572-21f5e5173226}</UniqueIdentifier>
    </Filter>
  </ItemGroup>
  <ItemGroup>
    <ClInclude Include="core.hpp">
      <Filter>Header Files\core</Filter>
    </ClInclude>
    <ClInclude Include="digraph.hpp">
      <Filter>Header Files\util</Filter>
    </ClInclude>
    <ClInclude Include="mapcpy.hpp">
      <Filter>Header Files\util</Filter>
    </ClInclude>
    <ClInclude Include="pool.hpp">
      <Filter>Header Files\util</Filter>
    </ClInclude>
    <ClInclude Include="json.hpp">
      <Filter>Header Files\util</Filter>
    </ClInclude>
    <ClInclude Include="engine.hpp">
      <Filter>Header Files\core</Filter>
    </ClInclude>
    <ClInclude Include="content.hpp">
      <Filter>Header Files\core</Filter>
    </ClInclude>
    <ClInclude Include="shader.hpp">
      <Filter>Header Files\core</Filter>
    </ClInclude>
    <ClInclude Include="dynamicmanager.hpp">
      <Filter>Header Files\scene</Filter>
    </ClInclude>
    <ClInclude Include="region.hpp">
      <Filter>Header Files\scene</Filter>
    </ClInclude>
    <ClInclude Include="scene.hpp">
      <Filter>Header Files\scene</Filter>
    </ClInclude>
    <ClInclude Include="staticmanager.hpp">
      <Filter>Header Files\scene</Filter>
    </ClInclude>
    <ClInclude Include="halfedge.hpp">
      <Filter>Header Files\util</Filter>
    </ClInclude>
    <ClInclude Include="cooktorrance.hpp">
      <Filter>Header Files\renderer</Filter>
    </ClInclude>
    <ClInclude Include="forwardrenderer.hpp">
      <Filter>Header Files\renderer</Filter>
    </ClInclude>
    <ClInclude Include="renderqueue.hpp">
      <Filter>Header Files\renderer</Filter>
    </ClInclude>
    <ClInclude Include="geometry.hpp">
      <Filter>Header Files\core</Filter>
    </ClInclude>
  </ItemGroup>
  <ItemGroup>
    <ClCompile Include="digraph.cpp">
      <Filter>Source Files\util</Filter>
    </ClCompile>
    <ClCompile Include="test.cpp">
      <Filter>Source Files</Filter>
    </ClCompile>
    <ClCompile Include="core.cpp">
      <Filter>Source Files\core</Filter>
    </ClCompile>
    <ClCompile Include="..\glad\GL\src\glad.c">
      <Filter>Source Files\gl</Filter>
    </ClCompile>
    <ClCompile Include="engine.cpp">
      <Filter>Source Files\core</Filter>
    </ClCompile>
    <ClCompile Include="shader.cpp">
      <Filter>Source Files\core</Filter>
    </ClCompile>
    <ClCompile Include="content.cpp">
      <Filter>Source Files\core</Filter>
    </ClCompile>
    <ClCompile Include="geometry.cpp">
      <Filter>Source Files\core</Filter>
    </ClCompile>
    <ClCompile Include="halfedge.cpp">
      <Filter>Source Files\util</Filter>
    </ClCompile>
    <ClCompile Include="cooktorrance.cpp">
      <Filter>Source Files\renderer</Filter>
    </ClCompile>
    <ClCompile Include="forwardrenderer.cpp">
      <Filter>Source Files\renderer</Filter>
    </ClCompile>
  </ItemGroup>
  <ItemGroup>
    <None Include="packages.config" />
    <None Include="config.json" />
    <None Include="shaders\basic.frag">
      <Filter>Shaders</Filter>
    </None>
    <None Include="shaders\basic.vert">
      <Filter>Shaders</Filter>
    </None>
    <None Include="shaders\basic.json">
      <Filter>Shaders</Filter>
    </None>
    <None Include="shaders\cooktorrance.vert">
      <Filter>Shaders</Filter>
    </None>
    <None Include="shaders\cooktorrance.frag">
      <Filter>Shaders</Filter>
    </None>
    <None Include="shaders\cooktorrance.json">
      <Filter>Shaders</Filter>
    </None>
  </ItemGroup>
</Project>