<?xml version="1.0" encoding="utf-8"?>
<Project ToolsVersion="4.0" xmlns="http://schemas.microsoft.com/developer/msbuild/2003">
  <ItemGroup>
    <Filter Include="Source Files">
      <UniqueIdentifier>{4FC737F1-C7A5-4376-A066-2A32D752A2FF}</UniqueIdentifier>
      <Extensions>cpp;c;cc;cxx;c++;def;odl;idl;hpj;bat;asm;asmx</Extensions>
    </Filter>
    <Filter Include="Header Files">
      <UniqueIdentifier>{93995380-89BD-4b04-88EB-625FBE52EBFB}</UniqueIdentifier>
      <Extensions>h;hh;hpp;hxx;h++;hm;inl;inc;ipp;xsd</Extensions>
    </Filter>
    <Filter Include="Header Files\util">
      <UniqueIdentifier>{48979fe7-594c-4db3-8fce-1811d079416a}</UniqueIdentifier>
    </Filter>
    <Filter Include="Source Files\util">
      <UniqueIdentifier>{744d7013-5b2b-4741-a489-45c5882cfbd1}</UniqueIdentifier>
    </Filter>
    <Filter Include="Header Files\core">
      <UniqueIdentifier>{14817694-72c0-4dcc-b077-e8fc31c11a2e}</UniqueIdentifier>
    </Filter>
    <Filter Include="Source Files\core">
      <UniqueIdentifier>{b04f2d26-41c1-4f03-b2c5-62846556e1fd}</UniqueIdentifier>
    </Filter>
    <Filter Include="Header Files\renderer">
      <UniqueIdentifier>{60d44e6e-c4dd-49e2-9bb5-32a95a539498}</UniqueIdentifier>
    </Filter>
    <Filter Include="Header Files\scene">
      <UniqueIdentifier>{6941b612-850e-4c86-89f6-b0a1754ac921}</UniqueIdentifier>
    </Filter>
    <Filter Include="Source Files\renderer">
      <UniqueIdentifier>{27678e70-85b5-4469-9572-21f5e5173226}</UniqueIdentifier>
    </Filter>
    <Filter Include="Source Files\scene">
      <UniqueIdentifier>{3aaeeb6e-0c21-4603-b083-ab05e4d06f3c}</UniqueIdentifier>
    </Filter>
    <Filter Include="Copy Files">
      <UniqueIdentifier>{20d9edef-7508-4c80-8197-5dedf27ca196}</UniqueIdentifier>
    </Filter>
    <Filter Include="Header Files\lodepng">
      <UniqueIdentifier>{1952d44f-6a65-4253-9dfa-d708081ebb43}</UniqueIdentifier>
    </Filter>
    <Filter Include="Source Files\lodepng">
      <UniqueIdentifier>{7fd7e90d-8e60-4937-b84d-be6f222df0eb}</UniqueIdentifier>
    </Filter>
  </ItemGroup>
  <ItemGroup>
    <ClInclude Include="core.hpp">
      <Filter>Header Files\core</Filter>
    </ClInclude>
    <ClInclude Include="digraph.hpp">
      <Filter>Header Files\util</Filter>
    </ClInclude>
    <ClInclude Include="mapcpy.hpp">
      <Filter>Header Files\util</Filter>
    </ClInclude>
    <ClInclude Include="pool.hpp">
      <Filter>Header Files\util</Filter>
    </ClInclude>
    <ClInclude Include="json.hpp">
      <Filter>Header Files\util</Filter>
    </ClInclude>
    <ClInclude Include="engine.hpp">
      <Filter>Header Files\core</Filter>
    </ClInclude>
    <ClInclude Include="content.hpp">
      <Filter>Header Files\core</Filter>
    </ClInclude>
    <ClInclude Include="shader.hpp">
      <Filter>Header Files\core</Filter>
    </ClInclude>
    <ClInclude Include="dynamicmanager.hpp">
      <Filter>Header Files\scene</Filter>
    </ClInclude>
    <ClInclude Include="region.hpp">
      <Filter>Header Files\scene</Filter>
    </ClInclude>
    <ClInclude Include="scene.hpp">
      <Filter>Header Files\scene</Filter>
    </ClInclude>
    <ClInclude Include="staticmanager.hpp">
      <Filter>Header Files\scene</Filter>
    </ClInclude>
    <ClInclude Include="halfedge.hpp">
      <Filter>Header Files\util</Filter>
    </ClInclude>
    <ClInclude Include="forwardrenderer.hpp">
      <Filter>Header Files\renderer</Filter>
    </ClInclude>
    <ClInclude Include="renderqueue.hpp">
      <Filter>Header Files\renderer</Filter>
    </ClInclude>
    <ClInclude Include="geometry.hpp">
      <Filter>Header Files\core</Filter>
    </ClInclude>
    <ClInclude Include="camera.hpp">
      <Filter>Header Files\renderer</Filter>
    </ClInclude>
    <ClInclude Include="material.hpp">
      <Filter>Header Files\core</Filter>
    </ClInclude>
    <ClInclude Include="gui.hpp">
      <Filter>Header Files\scene</Filter>
    </ClInclude>
    <ClInclude Include="updater.hpp">
      <Filter>Header Files\scene</Filter>
    </ClInclude>
    <ClInclude Include="halfedgeloader.hpp">
      <Filter>Header Files\util</Filter>
    </ClInclude>
    <ClInclude Include="meshlap.hpp">
      <Filter>Header Files\util</Filter>
    </ClInclude>
    <ClInclude Include="cameracontroller.hpp">
      <Filter>Header Files\renderer</Filter>
    </ClInclude>
    <ClInclude Include="input.hpp">
      <Filter>Header Files\core</Filter>
    </ClInclude>
    <ClInclude Include="staticmesh.hpp">
      <Filter>Header Files\scene</Filter>
    </ClInclude>
    <ClInclude Include="sampler.hpp">
      <Filter>Header Files\core</Filter>
    </ClInclude>
    <ClInclude Include="texture.hpp">
      <Filter>Header Files\core</Filter>
    </ClInclude>
    <ClInclude Include="lambert.hpp">
      <Filter>Header Files\renderer</Filter>
    </ClInclude>
    <ClInclude Include="samplefunction.hpp">
      <Filter>Header Files\core</Filter>
    </ClInclude>
    <ClInclude Include="lodepng\lodepng.h">
      <Filter>Header Files\lodepng</Filter>
    </ClInclude>
    <ClInclude Include="sphericalharmonics.hpp">
      <Filter>Header Files\core</Filter>
    </ClInclude>
  </ItemGroup>
  <ItemGroup>
    <ClCompile Include="digraph.cpp">
      <Filter>Source Files\util</Filter>
    </ClCompile>
    <ClCompile Include="core.cpp">
      <Filter>Source Files\core</Filter>
    </ClCompile>
    <ClCompile Include="engine.cpp">
      <Filter>Source Files\core</Filter>
    </ClCompile>
    <ClCompile Include="shader.cpp">
      <Filter>Source Files\core</Filter>
    </ClCompile>
    <ClCompile Include="content.cpp">
      <Filter>Source Files\core</Filter>
    </ClCompile>
    <ClCompile Include="geometry.cpp">
      <Filter>Source Files\core</Filter>
    </ClCompile>
    <ClCompile Include="halfedge.cpp">
      <Filter>Source Files\util</Filter>
    </ClCompile>
    <ClCompile Include="forwardrenderer.cpp">
      <Filter>Source Files\renderer</Filter>
    </ClCompile>
    <ClCompile Include="camera.cpp">
      <Filter>Source Files\renderer</Filter>
    </ClCompile>
    <ClCompile Include="material.cpp">
      <Filter>Source Files\core</Filter>
    </ClCompile>
    <ClCompile Include="gui.cpp">
      <Filter>Source Files\scene</Filter>
    </ClCompile>
    <ClCompile Include="updater.cpp">
      <Filter>Source Files\scene</Filter>
    </ClCompile>
    <ClCompile Include="meshlap.cpp">
      <Filter>Source Files\util</Filter>
    </ClCompile>
    <ClCompile Include="halfedgeloader.cpp">
      <Filter>Source Files\util</Filter>
    </ClCompile>
    <ClCompile Include="staticmesh.cpp">
      <Filter>Source Files\scene</Filter>
    </ClCompile>
    <ClCompile Include="scene.cpp">
      <Filter>Source Files\scene</Filter>
    </ClCompile>
    <ClCompile Include="input.cpp">
      <Filter>Source Files\core</Filter>
    </ClCompile>
    <ClCompile Include="cameracontroller.cpp">
      <Filter>Source Files\renderer</Filter>
    </ClCompile>
    <ClCompile Include="sampler.cpp">
      <Filter>Source Files\core</Filter>
    </ClCompile>
    <ClCompile Include="texture.cpp">
      <Filter>Source Files\core</Filter>
    </ClCompile>
    <ClCompile Include="lambert.cpp">
      <Filter>Source Files\renderer</Filter>
    </ClCompile>
    <ClCompile Include="lodepng\lodepng.cpp">
      <Filter>Source Files\lodepng</Filter>
    </ClCompile>
    <ClCompile Include="samplefunction.cpp">
      <Filter>Source Files\core</Filter>
    </ClCompile>
    <ClCompile Include="sphericalharmonics.cpp">
      <Filter>Source Files\core</Filter>
    </ClCompile>
  </ItemGroup>
  <ItemGroup>
    <None Include="packages.config" />
  </ItemGroup>
  <ItemGroup>
    <CopyFileToFolders Include="..\nanogui\out\build\x64-Debug\nanogui.dll">
      <Filter>Copy Files</Filter>
    </CopyFileToFolders>
    <CopyFileToFolders Include="..\nanogui\out\build\x64-Release\nanogui.dll">
      <Filter>Copy Files</Filter>
    </CopyFileToFolders>
  </ItemGroup>
</Project>