<?xml version="1.0" encoding="utf-8"?>
<Project ToolsVersion="4.0" xmlns="http://schemas.microsoft.com/developer/msbuild/2003">
  <ItemGroup>
    <Filter Include="Source Files">
      <UniqueIdentifier>{4FC737F1-C7A5-4376-A066-2A32D752A2FF}</UniqueIdentifier>
      <Extensions>cpp;c;cc;cxx;c++;def;odl;idl;hpj;bat;asm;asmx</Extensions>
    </Filter>
    <Filter Include="Header Files">
      <UniqueIdentifier>{93995380-89BD-4b04-88EB-625FBE52EBFB}</UniqueIdentifier>
      <Extensions>h;hh;hpp;hxx;h++;hm;inl;inc;ipp;xsd</Extensions>
    </Filter>
    <Filter Include="Resource Files">
      <UniqueIdentifier>{67DA6AB6-F800-4c08-8B7A-83BB121AAD01}</UniqueIdentifier>
      <Extensions>rc;ico;cur;bmp;dlg;rc2;rct;bin;rgs;gif;jpg;jpeg;jpe;resx;tiff;tif;png;wav;mfcribbon-ms</Extensions>
    </Filter>
    <Filter Include="Shaders">
      <UniqueIdentifier>{c5bb03ad-19f7-4f76-ab2d-522d4e07ec53}</UniqueIdentifier>
    </Filter>
    <Filter Include="Content">
      <UniqueIdentifier>{32f42b8e-fff5-4130-b53e-ad0d3865a98a}</UniqueIdentifier>
    </Filter>
  </ItemGroup>
  <ItemGroup>
    <ClCompile Include="main.cpp">
      <Filter>Source Files</Filter>
    </ClCompile>
  </ItemGroup>
  <ItemGroup>
    <None Include="config.json">
      <Filter>Source Files</Filter>
    </None>
    <None Include="packages.config" />
    <None Include="cooktorrance.glsl">
      <Filter>Shaders</Filter>
    </None>
    <None Include="pbr.vert">
      <Filter>Shaders</Filter>
    </None>
    <None Include="pbr.json">
      <Filter>Shaders</Filter>
    </None>
    <None Include="pbr.frag">
      <Filter>Shaders</Filter>
    </None>
    <None Include="pbrmat.json">
      <Filter>Shaders</Filter>
    </None>
    <None Include="spheremesh.json">
      <Filter>Source Files</Filter>
    </None>
    <None Include="textures\brick.ktx">
      <Filter>Content</Filter>
    </None>
    <None Include="textures\skybox.ktx">
      <Filter>Content</Filter>
    </None>
  </ItemGroup>
  <ItemGroup>
    <Image Include="textures\bluecloud_bk.jpg">
      <Filter>Content</Filter>
    </Image>
    <Image Include="textures\bluecloud_dn.jpg">
      <Filter>Content</Filter>
    </Image>
    <Image Include="textures\bluecloud_ft.jpg">
      <Filter>Content</Filter>
    </Image>
    <Image Include="textures\bluecloud_lf.jpg">
      <Filter>Content</Filter>
    </Image>
    <Image Include="textures\bluecloud_rt.jpg">
      <Filter>Content</Filter>
    </Image>
    <Image Include="textures\bluecloud_up.jpg">
      <Filter>Content</Filter>
    </Image>
    <Image Include="textures\brick.jpg">
      <Filter>Content</Filter>
    </Image>
    <Image Include="textures\negx.jpg">
      <Filter>Content</Filter>
    </Image>
    <Image Include="textures\negy.jpg">
      <Filter>Content</Filter>
    </Image>
    <Image Include="textures\negz.jpg">
      <Filter>Content</Filter>
    </Image>
    <Image Include="textures\park_neg_x.png">
      <Filter>Content</Filter>
    </Image>
    <Image Include="textures\park_neg_y.png">
      <Filter>Content</Filter>
    </Image>
    <Image Include="textures\park_neg_z.png">
      <Filter>Content</Filter>
    </Image>
    <Image Include="textures\park_pos_x.png">
      <Filter>Content</Filter>
    </Image>
    <Image Include="textures\park_pos_y.png">
      <Filter>Content</Filter>
    </Image>
    <Image Include="textures\park_pos_z.png">
      <Filter>Content</Filter>
    </Image>
    <Image Include="textures\posx.jpg">
      <Filter>Content</Filter>
    </Image>
    <Image Include="textures\posy.jpg">
      <Filter>Content</Filter>
    </Image>
    <Image Include="textures\posz.jpg">
      <Filter>Content</Filter>
    </Image>
    <Image Include="textures\yak_neg_x.png">
      <Filter>Content</Filter>
    </Image>
    <Image Include="textures\yak_neg_y.png">
      <Filter>Content</Filter>
    </Image>
    <Image Include="textures\yak_neg_z.png">
      <Filter>Content</Filter>
    </Image>
    <Image Include="textures\yak_pos_x.png">
      <Filter>Content</Filter>
    </Image>
    <Image Include="textures\yak_pos_y.png">
      <Filter>Content</Filter>
    </Image>
    <Image Include="textures\yak_pos_z.png">
      <Filter>Content</Filter>
    </Image>
  </ItemGroup>
</Project>