<?xml version="1.0" encoding="utf-8"?>
<Project ToolsVersion="4.0" xmlns="http://schemas.microsoft.com/developer/msbuild/2003">
  <ItemGroup>
    <Filter Include="Source Files">
      <UniqueIdentifier>{4FC737F1-C7A5-4376-A066-2A32D752A2FF}</UniqueIdentifier>
      <Extensions>cpp;c;cc;cxx;c++;def;odl;idl;hpj;bat;asm;asmx</Extensions>
    </Filter>
    <Filter Include="Header Files">
      <UniqueIdentifier>{93995380-89BD-4b04-88EB-625FBE52EBFB}</UniqueIdentifier>
      <Extensions>h;hh;hpp;hxx;h++;hm;inl;inc;ipp;xsd</Extensions>
    </Filter>
    <Filter Include="Resource Files">
      <UniqueIdentifier>{67DA6AB6-F800-4c08-8B7A-83BB121AAD01}</UniqueIdentifier>
      <Extensions>rc;ico;cur;bmp;dlg;rc2;rct;bin;rgs;gif;jpg;jpeg;jpe;resx;tiff;tif;png;wav;mfcribbon-ms</Extensions>
    </Filter>
    <Filter Include="Copy Files">
      <UniqueIdentifier>{21685d0a-d18a-43e0-89f8-60c9bf784d1c}</UniqueIdentifier>
    </Filter>
    <Filter Include="Shaders">
      <UniqueIdentifier>{96c8063e-9173-4a3b-bb22-cf53504255d2}</UniqueIdentifier>
    </Filter>
    <Filter Include="Meshes">
      <UniqueIdentifier>{0df11c8e-b0be-4a7f-ad46-b6cbbb3f097c}</UniqueIdentifier>
    </Filter>
  </ItemGroup>
  <ItemGroup>
    <ClCompile Include="main.cpp">
      <Filter>Source Files</Filter>
    </ClCompile>
  </ItemGroup>
  <ItemGroup>
    <None Include="packages.config" />
    <None Include="config.json">
      <Filter>Source Files</Filter>
    </None>
    <None Include="basicmat.json">
      <Filter>Shaders</Filter>
    </None>
    <None Include="funcvizmaterial.json">
      <Filter>Shaders</Filter>
    </None>
    <None Include="shaders\basic.frag">
      <Filter>Shaders</Filter>
    </None>
    <None Include="shaders\basic.json">
      <Filter>Shaders</Filter>
    </None>
    <None Include="shaders\basic.vert">
      <Filter>Shaders</Filter>
    </None>
    <None Include="shaders\cooktorrance.frag">
      <Filter>Shaders</Filter>
    </None>
    <None Include="shaders\cooktorrance.glsl">
      <Filter>Shaders</Filter>
    </None>
    <None Include="shaders\cooktorrance.json">
      <Filter>Shaders</Filter>
    </None>
    <None Include="shaders\cooktorrance.vert">
      <Filter>Shaders</Filter>
    </None>
    <None Include="shaders\funcviz.frag">
      <Filter>Shaders</Filter>
    </None>
    <None Include="shaders\funcviz.json">
      <Filter>Shaders</Filter>
    </None>
    <None Include="shaders\funcviz.vert">
      <Filter>Shaders</Filter>
    </None>
  </ItemGroup>
  <ItemGroup>
    <Object Include="boundary.obj">
      <Filter>Meshes</Filter>
    </Object>
    <Object Include="bunny.obj">
      <Filter>Meshes</Filter>
    </Object>
    <Object Include="cube.obj">
      <Filter>Meshes</Filter>
    </Object>
  </ItemGroup>
</Project>